// !$*UTF8*$!
{
	archiveVersion = 1;
	classes = {
	};
	objectVersion = 46;
	objects = {

/* Begin PBXBuildFile section */
		9211C5381EAEEF280085D1AD /* main.m in Sources */ = {isa = PBXBuildFile; fileRef = 9211C5371EAEEF280085D1AD /* main.m */; };
		9211C53B1EAEEF280085D1AD /* AppDelegate.m in Sources */ = {isa = PBXBuildFile; fileRef = 9211C53A1EAEEF280085D1AD /* AppDelegate.m */; };
		9211C53E1EAEEF280085D1AD /* ViewController.m in Sources */ = {isa = PBXBuildFile; fileRef = 9211C53D1EAEEF280085D1AD /* ViewController.m */; };
		9211C5411EAEEF280085D1AD /* Main.storyboard in Resources */ = {isa = PBXBuildFile; fileRef = 9211C53F1EAEEF280085D1AD /* Main.storyboard */; };
		9211C5431EAEEF280085D1AD /* Assets.xcassets in Resources */ = {isa = PBXBuildFile; fileRef = 9211C5421EAEEF280085D1AD /* Assets.xcassets */; };
		9211C5461EAEEF280085D1AD /* LaunchScreen.storyboard in Resources */ = {isa = PBXBuildFile; fileRef = 9211C5441EAEEF280085D1AD /* LaunchScreen.storyboard */; };
		9211C54F1EAEEF540085D1AD /* PhotoView.m in Sources */ = {isa = PBXBuildFile; fileRef = 9211C54E1EAEEF540085D1AD /* PhotoView.m */; };
		92C58B7A228E98A100B7A018 /* IMG_7611.PNG in Resources */ = {isa = PBXBuildFile; fileRef = 92C58B79228E98A100B7A018 /* IMG_7611.PNG */; };
/* End PBXBuildFile section */

/* Begin PBXFileReference section */
		9211C5331EAEEF280085D1AD /* AVCamera.app */ = {isa = PBXFileReference; explicitFileType = wrapper.application; includeInIndex = 0; path = AVCamera.app; sourceTree = BUILT_PRODUCTS_DIR; };
		9211C5371EAEEF280085D1AD /* main.m */ = {isa = PBXFileReference; lastKnownFileType = sourcecode.c.objc; path = main.m; sourceTree = "<group>"; };
		9211C5391EAEEF280085D1AD /* AppDelegate.h */ = {isa = PBXFileReference; lastKnownFileType = sourcecode.c.h; path = AppDelegate.h; sourceTree = "<group>"; };
		9211C53A1EAEEF280085D1AD /* AppDelegate.m */ = {isa = PBXFileReference; lastKnownFileType = sourcecode.c.objc; path = AppDelegate.m; sourceTree = "<group>"; };
		9211C53C1EAEEF280085D1AD /* ViewController.h */ = {isa = PBXFileReference; lastKnownFileType = sourcecode.c.h; path = ViewController.h; sourceTree = "<group>"; };
		9211C53D1EAEEF280085D1AD /* ViewController.m */ = {isa = PBXFileReference; lastKnownFileType = sourcecode.c.objc; path = ViewController.m; sourceTree = "<group>"; };
		9211C5401EAEEF280085D1AD /* Base */ = {isa = PBXFileReference; lastKnownFileType = file.storyboard; name = Base; path = Base.lproj/Main.storyboard; sourceTree = "<group>"; };
		9211C5421EAEEF280085D1AD /* Assets.xcassets */ = {isa = PBXFileReference; lastKnownFileType = folder.assetcatalog; path = Assets.xcassets; sourceTree = "<group>"; };
		9211C5451EAEEF280085D1AD /* Base */ = {isa = PBXFileReference; lastKnownFileType = file.storyboard; name = Base; path = Base.lproj/LaunchScreen.storyboard; sourceTree = "<group>"; };
		9211C5471EAEEF280085D1AD /* Info.plist */ = {isa = PBXFileReference; lastKnownFileType = text.plist.xml; path = Info.plist; sourceTree = "<group>"; };
		9211C54D1EAEEF540085D1AD /* PhotoView.h */ = {isa = PBXFileReference; fileEncoding = 4; lastKnownFileType = sourcecode.c.h; path = PhotoView.h; sourceTree = "<group>"; };
		9211C54E1EAEEF540085D1AD /* PhotoView.m */ = {isa = PBXFileReference; fileEncoding = 4; lastKnownFileType = sourcecode.c.objc; path = PhotoView.m; sourceTree = "<group>"; };
		92C58B79228E98A100B7A018 /* IMG_7611.PNG */ = {isa = PBXFileReference; lastKnownFileType = image.png; path = IMG_7611.PNG; sourceTree = "<group>"; };
/* End PBXFileReference section */

/* Begin PBXFrameworksBuildPhase section */
		9211C5301EAEEF280085D1AD /* Frameworks */ = {
			isa = PBXFrameworksBuildPhase;
			buildActionMask = 2147483647;
			files = (
			);
			runOnlyForDeploymentPostprocessing = 0;
		};
/* End PBXFrameworksBuildPhase section */

/* Begin PBXGroup section */
		9211C52A1EAEEF280085D1AD = {
			isa = PBXGroup;
			children = (
				9211C5351EAEEF280085D1AD /* AVCamera */,
				9211C5341EAEEF280085D1AD /* Products */,
			);
			sourceTree = "<group>";
		};
		9211C5341EAEEF280085D1AD /* Products */ = {
			isa = PBXGroup;
			children = (
				9211C5331EAEEF280085D1AD /* AVCamera.app */,
			);
			name = Products;
			sourceTree = "<group>";
		};
		9211C5351EAEEF280085D1AD /* AVCamera */ = {
			isa = PBXGroup;
			children = (
				9211C5391EAEEF280085D1AD /* AppDelegate.h */,
				9211C53A1EAEEF280085D1AD /* AppDelegate.m */,
				9211C53C1EAEEF280085D1AD /* ViewController.h */,
				9211C53D1EAEEF280085D1AD /* ViewController.m */,
				9211C54D1EAEEF540085D1AD /* PhotoView.h */,
				9211C54E1EAEEF540085D1AD /* PhotoView.m */,
				9211C53F1EAEEF280085D1AD /* Main.storyboard */,
				9211C5421EAEEF280085D1AD /* Assets.xcassets */,
				9211C5441EAEEF280085D1AD /* LaunchScreen.storyboard */,
				9211C5471EAEEF280085D1AD /* Info.plist */,
				92C58B79228E98A100B7A018 /* IMG_7611.PNG */,
				9211C5361EAEEF280085D1AD /* Supporting Files */,
			);
			path = AVCamera;
			sourceTree = "<group>";
		};
		9211C5361EAEEF280085D1AD /* Supporting Files */ = {
			isa = PBXGroup;
			children = (
				9211C5371EAEEF280085D1AD /* main.m */,
			);
			name = "Supporting Files";
			sourceTree = "<group>";
		};
/* End PBXGroup section */

/* Begin PBXNativeTarget section */
		9211C5321EAEEF280085D1AD /* AVCamera */ = {
			isa = PBXNativeTarget;
			buildConfigurationList = 9211C54A1EAEEF280085D1AD /* Build configuration list for PBXNativeTarget "AVCamera" */;
			buildPhases = (
				9211C52F1EAEEF280085D1AD /* Sources */,
				9211C5301EAEEF280085D1AD /* Frameworks */,
				9211C5311EAEEF280085D1AD /* Resources */,
			);
			buildRules = (
			);
			dependencies = (
			);
			name = AVCamera;
			productName = AVCamera;
			productReference = 9211C5331EAEEF280085D1AD /* AVCamera.app */;
			productType = "com.apple.product-type.application";
		};
/* End PBXNativeTarget section */

/* Begin PBXProject section */
		9211C52B1EAEEF280085D1AD /* Project object */ = {
			isa = PBXProject;
			attributes = {
				LastUpgradeCheck = 0830;
				ORGANIZATIONNAME = "魏唯隆";
				TargetAttributes = {
					9211C5321EAEEF280085D1AD = {
						CreatedOnToolsVersion = 8.3;
						DevelopmentTeam = X36P6J44B6;
						ProvisioningStyle = Automatic;
					};
				};
			};
			buildConfigurationList = 9211C52E1EAEEF280085D1AD /* Build configuration list for PBXProject "AVCamera" */;
			compatibilityVersion = "Xcode 3.2";
			developmentRegion = English;
			hasScannedForEncodings = 0;
			knownRegions = (
				English,
				en,
				Base,
			);
			mainGroup = 9211C52A1EAEEF280085D1AD;
			productRefGroup = 9211C5341EAEEF280085D1AD /* Products */;
			projectDirPath = "";
			projectRoot = "";
			targets = (
				9211C5321EAEEF280085D1AD /* AVCamera */,
			);
		};
/* End PBXProject section */

/* Begin PBXResourcesBuildPhase section */
		9211C5311EAEEF280085D1AD /* Resources */ = {
			isa = PBXResourcesBuildPhase;
			buildActionMask = 2147483647;
			files = (
				9211C5461EAEEF280085D1AD /* LaunchScreen.storyboard in Resources */,
				9211C5431EAEEF280085D1AD /* Assets.xcassets in Resources */,
				92C58B7A228E98A100B7A018 /* IMG_7611.PNG in Resources */,
				9211C5411EAEEF280085D1AD /* Main.storyboard in Resources */,
			);
			runOnlyForDeploymentPostprocessing = 0;
		};
/* End PBXResourcesBuildPhase section */

/* Begin PBXSourcesBuildPhase section */
		9211C52F1EAEEF280085D1AD /* Sources */ = {
			isa = PBXSourcesBuildPhase;
			buildActionMask = 2147483647;
			files = (
				9211C53E1EAEEF280085D1AD /* ViewController.m in Sources */,
				9211C53B1EAEEF280085D1AD /* AppDelegate.m in Sources */,
				9211C5381EAEEF280085D1AD /* main.m in Sources */,
				9211C54F1EAEEF540085D1AD /* PhotoView.m in Sources */,
			);
			runOnlyForDeploymentPostprocessing = 0;
		};
/* End PBXSourcesBuildPhase section */

/* Begin PBXVariantGroup section */
		9211C53F1EAEEF280085D1AD /* Main.storyboard */ = {
			isa = PBXVariantGroup;
			children = (
				9211C5401EAEEF280085D1AD /* Base */,
			);
			name = Main.storyboard;
			sourceTree = "<group>";
		};
		9211C5441EAEEF280085D1AD /* LaunchScreen.storyboard */ = {
			isa = PBXVariantGroup;
			children = (
				9211C5451EAEEF280085D1AD /* Base */,
			);
			name = LaunchScreen.storyboard;
			sourceTree = "<group>";
		};
/* End PBXVariantGroup section */

/* Begin XCBuildConfiguration section */
		9211C5481EAEEF280085D1AD /* Debug */ = {
			isa = XCBuildConfiguration;
			buildSettings = {
				ALWAYS_SEARCH_USER_PATHS = NO;
				CLANG_ANALYZER_NONNULL = YES;
				CLANG_ANALYZER_NUMBER_OBJECT_CONVERSION = YES_AGGRESSIVE;
				CLANG_CXX_LANGUAGE_STANDARD = "gnu++0x";
				CLANG_CXX_LIBRARY = "libc++";
				CLANG_ENABLE_MODULES = YES;
				CLANG_ENABLE_OBJC_ARC = YES;
				CLANG_WARN_BOOL_CONVERSION = YES;
				CLANG_WARN_CONSTANT_CONVERSION = YES;
				CLANG_WARN_DIRECT_OBJC_ISA_USAGE = YES_ERROR;
				CLANG_WARN_DOCUMENTATION_COMMENTS = YES;
				CLANG_WARN_EMPTY_BODY = YES;
				CLANG_WARN_ENUM_CONVERSION = YES;
				CLANG_WARN_INFINITE_RECURSION = YES;
				CLANG_WARN_INT_CONVERSION = YES;
				CLANG_WARN_OBJC_ROOT_CLASS = YES_ERROR;
				CLANG_WARN_SUSPICIOUS_MOVE = YES;
				CLANG_WARN_UNREACHABLE_CODE = YES;
				CLANG_WARN__DUPLICATE_METHOD_MATCH = YES;
				"CODE_SIGN_IDENTITY[sdk=iphoneos*]" = "iPhone Developer";
				COPY_PHASE_STRIP = NO;
				DEBUG_INFORMATION_FORMAT = dwarf;
				ENABLE_STRICT_OBJC_MSGSEND = YES;
				ENABLE_TESTABILITY = YES;
				GCC_C_LANGUAGE_STANDARD = gnu99;
				GCC_DYNAMIC_NO_PIC = NO;
				GCC_NO_COMMON_BLOCKS = YES;
				GCC_OPTIMIZATION_LEVEL = 0;
				GCC_PREPROCESSOR_DEFINITIONS = (
					"DEBUG=1",
					"$(inherited)",
				);
				GCC_WARN_64_TO_32_BIT_CONVERSION = YES;
				GCC_WARN_ABOUT_RETURN_TYPE = YES_ERROR;
				GCC_WARN_UNDECLARED_SELECTOR = YES;
				GCC_WARN_UNINITIALIZED_AUTOS = YES_AGGRESSIVE;
				GCC_WARN_UNUSED_FUNCTION = YES;
				GCC_WARN_UNUSED_VARIABLE = YES;
				IPHONEOS_DEPLOYMENT_TARGET = 10.3;
				MTL_ENABLE_DEBUG_INFO = YES;
				ONLY_ACTIVE_ARCH = YES;
				SDKROOT = iphoneos;
			};
			name = Debug;
		};
		9211C5491EAEEF280085D1AD /* Release */ = {
			isa = XCBuildConfiguration;
			buildSettings = {
				ALWAYS_SEARCH_USER_PATHS = NO;
				CLANG_ANALYZER_NONNULL = YES;
				CLANG_ANALYZER_NUMBER_OBJECT_CONVERSION = YES_AGGRESSIVE;
				CLANG_CXX_LANGUAGE_STANDARD = "gnu++0x";
				CLANG_CXX_LIBRARY = "libc++";
				CLANG_ENABLE_MODULES = YES;
				CLANG_ENABLE_OBJC_ARC = YES;
				CLANG_WARN_BOOL_CONVERSION = YES;
				CLANG_WARN_CONSTANT_CONVERSION = YES;
				CLANG_WARN_DIRECT_OBJC_ISA_USAGE = YES_ERROR;
				CLANG_WARN_DOCUMENTATION_COMMENTS = YES;
				CLANG_WARN_EMPTY_BODY = YES;
				CLANG_WARN_ENUM_CONVERSION = YES;
				CLANG_WARN_INFINITE_RECURSION = YES;
				CLANG_WARN_INT_CONVERSION = YES;
				CLANG_WARN_OBJC_ROOT_CLASS = YES_ERROR;
				CLANG_WARN_SUSPICIOUS_MOVE = YES;
				CLANG_WARN_UNREACHABLE_CODE = YES;
				CLANG_WARN__DUPLICATE_METHOD_MATCH = YES;
				"CODE_SIGN_IDENTITY[sdk=iphoneos*]" = "iPhone Developer";
				COPY_PHASE_STRIP = NO;
				DEBUG_INFORMATION_FORMAT = "dwarf-with-dsym";
				ENABLE_NS_ASSERTIONS = NO;
				ENABLE_STRICT_OBJC_MSGSEND = YES;
				GCC_C_LANGUAGE_STANDARD = gnu99;
				GCC_NO_COMMON_BLOCKS = YES;
				GCC_WARN_64_TO_32_BIT_CONVERSION = YES;
				GCC_WARN_ABOUT_RETURN_TYPE = YES_ERROR;
				GCC_WARN_UNDECLARED_SELECTOR = YES;
				GCC_WARN_UNINITIALIZED_AUTOS = YES_AGGRESSIVE;
				GCC_WARN_UNUSED_FUNCTION = YES;
				GCC_WARN_UNUSED_VARIABLE = YES;
				IPHONEOS_DEPLOYMENT_TARGET = 10.3;
				MTL_ENABLE_DEBUG_INFO = NO;
				SDKROOT = iphoneos;
				VALIDATE_PRODUCT = YES;
			};
			name = Release;
		};
		9211C54B1EAEEF280085D1AD /* Debug */ = {
			isa = XCBuildConfiguration;
			buildSettings = {
				ASSETCATALOG_COMPILER_APPICON_NAME = AppIcon;
				DEVELOPMENT_TEAM = X36P6J44B6;
				INFOPLIST_FILE = AVCamera/Info.plist;
				IPHONEOS_DEPLOYMENT_TARGET = 10.0;
				LD_RUNPATH_SEARCH_PATHS = "$(inherited) @executable_path/Frameworks";
				PRODUCT_BUNDLE_IDENTIFIER = sanli.AVCamera;
				PRODUCT_NAME = "$(TARGET_NAME)";
			};
			name = Debug;
		};
		9211C54C1EAEEF280085D1AD /* Release */ = {
			isa = XCBuildConfiguration;
			buildSettings = {
				ASSETCATALOG_COMPILER_APPICON_NAME = AppIcon;
				DEVELOPMENT_TEAM = X36P6J44B6;
				INFOPLIST_FILE = AVCamera/Info.plist;
				IPHONEOS_DEPLOYMENT_TARGET = 10.0;
				LD_RUNPATH_SEARCH_PATHS = "$(inherited) @executable_path/Frameworks";
				PRODUCT_BUNDLE_IDENTIFIER = sanli.AVCamera;
				PRODUCT_NAME = "$(TARGET_NAME)";
			};
			name = Release;
		};
/* End XCBuildConfiguration section */

/* Begin XCConfigurationList section */
		9211C52E1EAEEF280085D1AD /* Build configuration list for PBXProject "AVCamera" */ = {
			isa = XCConfigurationList;
			buildConfigurations = (
				9211C5481EAEEF280085D1AD /* Debug */,
				9211C5491EAEEF280085D1AD /* Release */,
			);
			defaultConfigurationIsVisible = 0;
			defaultConfigurationName = Release;
		};
		9211C54A1EAEEF280085D1AD /* Build configuration list for PBXNativeTarget "AVCamera" */ = {
			isa = XCConfigurationList;
			buildConfigurations = (
				9211C54B1EAEEF280085D1AD /* Debug */,
				9211C54C1EAEEF280085D1AD /* Release */,
			);
			defaultConfigurationIsVisible = 0;
			defaultConfigurationName = Release;
		};
/* End XCConfigurationList section */
	};
	rootObject = 9211C52B1EAEEF280085D1AD /* Project object */;
}
